
Microsoft Visual Studio Solution File, Format Version 12.00
Project("{FAE04EC0-301F-11D3-BF4B-00C04F79EFBC}") = "Storoey.Database.PostgreSQL", "Storoey.Database.PostgreSQL\Storoey.Database.PostgreSQL.csproj", "{94CDB10E-C76A-44E6-9E35-AA7DA7EFE826}"
EndProject
Project("{FAE04EC0-301F-11D3-BF4B-00C04F79EFBC}") = "Storoey.Database.PostgreSQL.Test", "Storoey.Database.PostgreSQL.Test\Storoey.Database.PostgreSQL.Test.csproj", "{B4EC44A1-19D6-4B03-B1BB-DFF5A12E97DC}"
EndProject
Global
	GlobalSection(SolutionConfigurationPlatforms) = preSolution
		Debug|Any CPU = Debug|Any CPU
		Release|Any CPU = Release|Any CPU
	EndGlobalSection
	GlobalSection(ProjectConfigurationPlatforms) = postSolution
		{94CDB10E-C76A-44E6-9E35-AA7DA7EFE826}.Debug|Any CPU.ActiveCfg = Debug|Any CPU
		{94CDB10E-C76A-44E6-9E35-AA7DA7EFE826}.Debug|Any CPU.Build.0 = Debug|Any CPU
		{94CDB10E-C76A-44E6-9E35-AA7DA7EFE826}.Release|Any CPU.ActiveCfg = Release|Any CPU
		{94CDB10E-C76A-44E6-9E35-AA7DA7EFE826}.Release|Any CPU.Build.0 = Release|Any CPU
		{B4EC44A1-19D6-4B03-B1BB-DFF5A12E97DC}.Debug|Any CPU.ActiveCfg = Debug|Any CPU
		{B4EC44A1-19D6-4B03-B1BB-DFF5A12E97DC}.Debug|Any CPU.Build.0 = Debug|Any CPU
		{B4EC44A1-19D6-4B03-B1BB-DFF5A12E97DC}.Release|Any CPU.ActiveCfg = Release|Any CPU
		{B4EC44A1-19D6-4B03-B1BB-DFF5A12E97DC}.Release|Any CPU.Build.0 = Release|Any CPU
	EndGlobalSection
EndGlobal
